uuid: 343ce793-70c4-4b86-a30f-63c2ebd5968c
langcode: en
status: true
dependencies:
  module:
    - block_in_page_not_found
    - general
    - node
    - system
  theme:
    - acas
id: relatedcontentblock
theme: acas
region: content
weight: -2
provider: null
plugin: related_content_block
settings:
  id: related_content_block
  label: 'Related content'
  provider: general
  label_display: '0'
visibility:
  node_type:
    id: node_type
    bundles:
      details_page: details_page
      secondary_page: secondary_page
      support_page: support_page
    negate: false
    context_mapping:
      node: '@node.node_route_context:node'
  page_not_found_request:
    id: page_not_found_request
    page_not_found: 0
    negate: false
    context_mapping: {  }
  request_path:
    id: request_path
    pages: '/node/*/revisions'
    negate: true
    context_mapping: {  }
