uuid: a6a3367d-bef2-47cb-bae5-e06014bbc733
langcode: en
status: true
dependencies:
  module:
    - block_in_page_not_found
    - general
    - system
  theme:
    - acas
id: betabannerblock
theme: acas
region: top_bar
weight: -9
provider: null
plugin: beta_banner
settings:
  id: beta_banner
  label: 'Beta banner block'
  provider: general
  label_display: '0'
visibility:
  page_not_found_request:
    id: page_not_found_request
    page_not_found: 0
    negate: false
    context_mapping: {  }
  request_path:
    id: request_path
    pages: "/guide-print/*\r\n/page-print/*"
    negate: true
    context_mapping: {  }
