{
  "requires": true,
  "lockfileVersion": 1,
  "dependencies": {
    "@acasdigital/acas-frontend": {
      "version": "1.5.0",
      "resolved": "https://registry.npmjs.org/@acasdigital/acas-frontend/-/acas-frontend-1.5.0.tgz",
      "integrity": "sha512-88DNUMgHH8JxkKO76aIejhRzmQ7ptpXF6N7wVpKpPueLBfFvmLXryogueiHwoaqTlGFzqttgKWiVAoiyKCPwsw=="
    }
  }
}
